
Microsoft Visual Studio Solution File, Format Version 12.00
# Visual Studio Version 17
VisualStudioVersion = 17.0.31903.59
MinimumVisualStudioVersion = 10.0.40219.1
Project("{2150E333-8FDC-42A3-9474-1A3956D46DE8}") = "src", "src", "{827E0CD3-B72D-47B6-A68D-7590B98EB39B}"
EndProject
Project("{FAE04EC0-301F-11D3-BF4B-00C04F79EFBC}") = "CrmTask.Domain", "src\CrmTask.Domain\CrmTask.Domain.csproj", "{07433D43-2BBD-4F3D-B7BE-9FCD08DCB4E0}"
EndProject
Project("{FAE04EC0-301F-11D3-BF4B-00C04F79EFBC}") = "CrmTask.Application", "src\CrmTask.Application\CrmTask.Application.csproj", "{A146B608-6CB0-420B-BB2C-48334CD309C0}"
EndProject
Project("{FAE04EC0-301F-11D3-BF4B-00C04F79EFBC}") = "CrmTask.Infrastructure", "src\CrmTask.Infrastructure\CrmTask.Infrastructure.csproj", "{4C39F669-D3F6-4016-ADF4-7B3CD6B1FF5B}"
EndProject
Project("{FAE04EC0-301F-11D3-BF4B-00C04F79EFBC}") = "CrmTask.Api", "src\CrmTask.Api\CrmTask.Api.csproj", "{53FAD4F2-1EAF-4B27-A703-C8A6DE6A2F7A}"
EndProject
Project("{FAE04EC0-301F-11D3-BF4B-00C04F79EFBC}") = "CrmTask.Domain.Tests", "tests\CrmTask.Domain.Tests\CrmTask.Domain.Tests.csproj", "{120D19EC-36AB-438B-B51A-3C2F8EEE9EE4}"
EndProject
Project("{FAE04EC0-301F-11D3-BF4B-00C04F79EFBC}") = "CrmTask.Application.Tests", "tests\CrmTask.Application.Tests\CrmTask.Application.Tests.csproj", "{A6A595FE-F0C8-4A77-8CF6-68DECCC1AFF4}"
EndProject
Project("{FAE04EC0-301F-11D3-BF4B-00C04F79EFBC}") = "CrmTask.Api.IntegrationTests", "tests\CrmTask.Api.IntegrationTests\CrmTask.Api.IntegrationTests.csproj", "{3AC54CB8-0FCA-448E-9A76-9AEDC564CB93}"
EndProject
Global
	GlobalSection(SolutionConfigurationPlatforms) = preSolution
		Debug|Any CPU = Debug|Any CPU
		Debug|x64 = Debug|x64
		Debug|x86 = Debug|x86
		Release|Any CPU = Release|Any CPU
		Release|x64 = Release|x64
		Release|x86 = Release|x86
	EndGlobalSection
	GlobalSection(ProjectConfigurationPlatforms) = postSolution
		{07433D43-2BBD-4F3D-B7BE-9FCD08DCB4E0}.Debug|Any CPU.ActiveCfg = Debug|Any CPU
		{07433D43-2BBD-4F3D-B7BE-9FCD08DCB4E0}.Debug|Any CPU.Build.0 = Debug|Any CPU
		{07433D43-2BBD-4F3D-B7BE-9FCD08DCB4E0}.Debug|x64.ActiveCfg = Debug|Any CPU
		{07433D43-2BBD-4F3D-B7BE-9FCD08DCB4E0}.Debug|x64.Build.0 = Debug|Any CPU
		{07433D43-2BBD-4F3D-B7BE-9FCD08DCB4E0}.Debug|x86.ActiveCfg = Debug|Any CPU
		{07433D43-2BBD-4F3D-B7BE-9FCD08DCB4E0}.Debug|x86.Build.0 = Debug|Any CPU
		{07433D43-2BBD-4F3D-B7BE-9FCD08DCB4E0}.Release|Any CPU.ActiveCfg = Release|Any CPU
		{07433D43-2BBD-4F3D-B7BE-9FCD08DCB4E0}.Release|Any CPU.Build.0 = Release|Any CPU
		{07433D43-2BBD-4F3D-B7BE-9FCD08DCB4E0}.Release|x64.ActiveCfg = Release|Any CPU
		{07433D43-2BBD-4F3D-B7BE-9FCD08DCB4E0}.Release|x64.Build.0 = Release|Any CPU
		{07433D43-2BBD-4F3D-B7BE-9FCD08DCB4E0}.Release|x86.ActiveCfg = Release|Any CPU
		{07433D43-2BBD-4F3D-B7BE-9FCD08DCB4E0}.Release|x86.Build.0 = Release|Any CPU
		{A146B608-6CB0-420B-BB2C-48334CD309C0}.Debug|Any CPU.ActiveCfg = Debug|Any CPU
		{A146B608-6CB0-420B-BB2C-48334CD309C0}.Debug|Any CPU.Build.0 = Debug|Any CPU
		{A146B608-6CB0-420B-BB2C-48334CD309C0}.Debug|x64.ActiveCfg = Debug|Any CPU
		{A146B608-6CB0-420B-BB2C-48334CD309C0}.Debug|x64.Build.0 = Debug|Any CPU
		{A146B608-6CB0-420B-BB2C-48334CD309C0}.Debug|x86.ActiveCfg = Debug|Any CPU
		{A146B608-6CB0-420B-BB2C-48334CD309C0}.Debug|x86.Build.0 = Debug|Any CPU
		{A146B608-6CB0-420B-BB2C-48334CD309C0}.Release|Any CPU.ActiveCfg = Release|Any CPU
		{A146B608-6CB0-420B-BB2C-48334CD309C0}.Release|Any CPU.Build.0 = Release|Any CPU
		{A146B608-6CB0-420B-BB2C-48334CD309C0}.Release|x64.ActiveCfg = Release|Any CPU
		{A146B608-6CB0-420B-BB2C-48334CD309C0}.Release|x64.Build.0 = Release|Any CPU
		{A146B608-6CB0-420B-BB2C-48334CD309C0}.Release|x86.ActiveCfg = Release|Any CPU
		{A146B608-6CB0-420B-BB2C-48334CD309C0}.Release|x86.Build.0 = Release|Any CPU
		{4C39F669-D3F6-4016-ADF4-7B3CD6B1FF5B}.Debug|Any CPU.ActiveCfg = Debug|Any CPU
		{4C39F669-D3F6-4016-ADF4-7B3CD6B1FF5B}.Debug|Any CPU.Build.0 = Debug|Any CPU
		{4C39F669-D3F6-4016-ADF4-7B3CD6B1FF5B}.Debug|x64.ActiveCfg = Debug|Any CPU
		{4C39F669-D3F6-4016-ADF4-7B3CD6B1FF5B}.Debug|x64.Build.0 = Debug|Any CPU
		{4C39F669-D3F6-4016-ADF4-7B3CD6B1FF5B}.Debug|x86.ActiveCfg = Debug|Any CPU
		{4C39F669-D3F6-4016-ADF4-7B3CD6B1FF5B}.Debug|x86.Build.0 = Debug|Any CPU
		{4C39F669-D3F6-4016-ADF4-7B3CD6B1FF5B}.Release|Any CPU.ActiveCfg = Release|Any CPU
		{4C39F669-D3F6-4016-ADF4-7B3CD6B1FF5B}.Release|Any CPU.Build.0 = Release|Any CPU
		{4C39F669-D3F6-4016-ADF4-7B3CD6B1FF5B}.Release|x64.ActiveCfg = Release|Any CPU
		{4C39F669-D3F6-4016-ADF4-7B3CD6B1FF5B}.Release|x64.Build.0 = Release|Any CPU
		{4C39F669-D3F6-4016-ADF4-7B3CD6B1FF5B}.Release|x86.ActiveCfg = Release|Any CPU
		{4C39F669-D3F6-4016-ADF4-7B3CD6B1FF5B}.Release|x86.Build.0 = Release|Any CPU
		{53FAD4F2-1EAF-4B27-A703-C8A6DE6A2F7A}.Debug|Any CPU.ActiveCfg = Debug|Any CPU
		{53FAD4F2-1EAF-4B27-A703-C8A6DE6A2F7A}.Debug|Any CPU.Build.0 = Debug|Any CPU
		{53FAD4F2-1EAF-4B27-A703-C8A6DE6A2F7A}.Debug|x64.ActiveCfg = Debug|Any CPU
		{53FAD4F2-1EAF-4B27-A703-C8A6DE6A2F7A}.Debug|x64.Build.0 = Debug|Any CPU
		{53FAD4F2-1EAF-4B27-A703-C8A6DE6A2F7A}.Debug|x86.ActiveCfg = Debug|Any CPU
		{53FAD4F2-1EAF-4B27-A703-C8A6DE6A2F7A}.Debug|x86.Build.0 = Debug|Any CPU
		{53FAD4F2-1EAF-4B27-A703-C8A6DE6A2F7A}.Release|Any CPU.ActiveCfg = Release|Any CPU
		{53FAD4F2-1EAF-4B27-A703-C8A6DE6A2F7A}.Release|Any CPU.Build.0 = Release|Any CPU
		{53FAD4F2-1EAF-4B27-A703-C8A6DE6A2F7A}.Release|x64.ActiveCfg = Release|Any CPU
		{53FAD4F2-1EAF-4B27-A703-C8A6DE6A2F7A}.Release|x64.Build.0 = Release|Any CPU
		{53FAD4F2-1EAF-4B27-A703-C8A6DE6A2F7A}.Release|x86.ActiveCfg = Release|Any CPU
		{53FAD4F2-1EAF-4B27-A703-C8A6DE6A2F7A}.Release|x86.Build.0 = Release|Any CPU
		{120D19EC-36AB-438B-B51A-3C2F8EEE9EE4}.Debug|Any CPU.ActiveCfg = Debug|Any CPU
		{120D19EC-36AB-438B-B51A-3C2F8EEE9EE4}.Debug|Any CPU.Build.0 = Debug|Any CPU
		{120D19EC-36AB-438B-B51A-3C2F8EEE9EE4}.Debug|x64.ActiveCfg = Debug|Any CPU
		{120D19EC-36AB-438B-B51A-3C2F8EEE9EE4}.Debug|x64.Build.0 = Debug|Any CPU
		{120D19EC-36AB-438B-B51A-3C2F8EEE9EE4}.Debug|x86.ActiveCfg = Debug|Any CPU
		{120D19EC-36AB-438B-B51A-3C2F8EEE9EE4}.Debug|x86.Build.0 = Debug|Any CPU
		{120D19EC-36AB-438B-B51A-3C2F8EEE9EE4}.Release|Any CPU.ActiveCfg = Release|Any CPU
		{120D19EC-36AB-438B-B51A-3C2F8EEE9EE4}.Release|Any CPU.Build.0 = Release|Any CPU
		{120D19EC-36AB-438B-B51A-3C2F8EEE9EE4}.Release|x64.ActiveCfg = Release|Any CPU
		{120D19EC-36AB-438B-B51A-3C2F8EEE9EE4}.Release|x64.Build.0 = Release|Any CPU
		{120D19EC-36AB-438B-B51A-3C2F8EEE9EE4}.Release|x86.ActiveCfg = Release|Any CPU
		{120D19EC-36AB-438B-B51A-3C2F8EEE9EE4}.Release|x86.Build.0 = Release|Any CPU
		{A6A595FE-F0C8-4A77-8CF6-68DECCC1AFF4}.Debug|Any CPU.ActiveCfg = Debug|Any CPU
		{A6A595FE-F0C8-4A77-8CF6-68DECCC1AFF4}.Debug|Any CPU.Build.0 = Debug|Any CPU
		{A6A595FE-F0C8-4A77-8CF6-68DECCC1AFF4}.Debug|x64.ActiveCfg = Debug|Any CPU
		{A6A595FE-F0C8-4A77-8CF6-68DECCC1AFF4}.Debug|x64.Build.0 = Debug|Any CPU
		{A6A595FE-F0C8-4A77-8CF6-68DECCC1AFF4}.Debug|x86.ActiveCfg = Debug|Any CPU
		{A6A595FE-F0C8-4A77-8CF6-68DECCC1AFF4}.Debug|x86.Build.0 = Debug|Any CPU
		{A6A595FE-F0C8-4A77-8CF6-68DECCC1AFF4}.Release|Any CPU.ActiveCfg = Release|Any CPU
		{A6A595FE-F0C8-4A77-8CF6-68DECCC1AFF4}.Release|Any CPU.Build.0 = Release|Any CPU
		{A6A595FE-F0C8-4A77-8CF6-68DECCC1AFF4}.Release|x64.ActiveCfg = Release|Any CPU
		{A6A595FE-F0C8-4A77-8CF6-68DECCC1AFF4}.Release|x64.Build.0 = Release|Any CPU
		{A6A595FE-F0C8-4A77-8CF6-68DECCC1AFF4}.Release|x86.ActiveCfg = Release|Any CPU
		{A6A595FE-F0C8-4A77-8CF6-68DECCC1AFF4}.Release|x86.Build.0 = Release|Any CPU
		{3AC54CB8-0FCA-448E-9A76-9AEDC564CB93}.Debug|Any CPU.ActiveCfg = Debug|Any CPU
		{3AC54CB8-0FCA-448E-9A76-9AEDC564CB93}.Debug|Any CPU.Build.0 = Debug|Any CPU
		{3AC54CB8-0FCA-448E-9A76-9AEDC564CB93}.Debug|x64.ActiveCfg = Debug|Any CPU
		{3AC54CB8-0FCA-448E-9A76-9AEDC564CB93}.Debug|x64.Build.0 = Debug|Any CPU
		{3AC54CB8-0FCA-448E-9A76-9AEDC564CB93}.Debug|x86.ActiveCfg = Debug|Any CPU
		{3AC54CB8-0FCA-448E-9A76-9AEDC564CB93}.Debug|x86.Build.0 = Debug|Any CPU
		{3AC54CB8-0FCA-448E-9A76-9AEDC564CB93}.Release|Any CPU.ActiveCfg = Release|Any CPU
		{3AC54CB8-0FCA-448E-9A76-9AEDC564CB93}.Release|Any CPU.Build.0 = Release|Any CPU
		{3AC54CB8-0FCA-448E-9A76-9AEDC564CB93}.Release|x64.ActiveCfg = Release|Any CPU
		{3AC54CB8-0FCA-448E-9A76-9AEDC564CB93}.Release|x64.Build.0 = Release|Any CPU
		{3AC54CB8-0FCA-448E-9A76-9AEDC564CB93}.Release|x86.ActiveCfg = Release|Any CPU
		{3AC54CB8-0FCA-448E-9A76-9AEDC564CB93}.Release|x86.Build.0 = Release|Any CPU
	EndGlobalSection
	GlobalSection(SolutionProperties) = preSolution
		HideSolutionNode = FALSE
	EndGlobalSection
	GlobalSection(NestedProjects) = preSolution
		{07433D43-2BBD-4F3D-B7BE-9FCD08DCB4E0} = {827E0CD3-B72D-47B6-A68D-7590B98EB39B}
		{A146B608-6CB0-420B-BB2C-48334CD309C0} = {827E0CD3-B72D-47B6-A68D-7590B98EB39B}
		{4C39F669-D3F6-4016-ADF4-7B3CD6B1FF5B} = {827E0CD3-B72D-47B6-A68D-7590B98EB39B}
		{53FAD4F2-1EAF-4B27-A703-C8A6DE6A2F7A} = {827E0CD3-B72D-47B6-A68D-7590B98EB39B}
		{120D19EC-36AB-438B-B51A-3C2F8EEE9EE4} = {827E0CD3-B72D-47B6-A68D-7590B98EB39B}
		{A6A595FE-F0C8-4A77-8CF6-68DECCC1AFF4} = {827E0CD3-B72D-47B6-A68D-7590B98EB39B}
		{3AC54CB8-0FCA-448E-9A76-9AEDC564CB93} = {827E0CD3-B72D-47B6-A68D-7590B98EB39B}
	EndGlobalSection
EndGlobal
